
Microsoft Visual Studio Solution File, Format Version 12.00
# Visual Studio Version 16
VisualStudioVersion = 16.0.29215.179
MinimumVisualStudioVersion = 10.0.40219.1
Project("{FAE04EC0-301F-11D3-BF4B-00C04F79EFBC}") = "Ejercicio.39", "Ejercicio.39.csproj", "{B0CCA29D-DD1F-4DF4-B715-B1DEF347EDDC}"
EndProject
Global
	GlobalSection(SolutionConfigurationPlatforms) = preSolution
		Debug|Any CPU = Debug|Any CPU
		Release|Any CPU = Release|Any CPU
	EndGlobalSection
	GlobalSection(ProjectConfigurationPlatforms) = postSolution
		{B0CCA29D-DD1F-4DF4-B715-B1DEF347EDDC}.Debug|Any CPU.ActiveCfg = Debug|Any CPU
		{B0CCA29D-DD1F-4DF4-B715-B1DEF347EDDC}.Debug|Any CPU.Build.0 = Debug|Any CPU
		{B0CCA29D-DD1F-4DF4-B715-B1DEF347EDDC}.Release|Any CPU.ActiveCfg = Release|Any CPU
		{B0CCA29D-DD1F-4DF4-B715-B1DEF347EDDC}.Release|Any CPU.Build.0 = Release|Any CPU
	EndGlobalSection
	GlobalSection(SolutionProperties) = preSolution
		HideSolutionNode = FALSE
	EndGlobalSection
	GlobalSection(ExtensibilityGlobals) = postSolution
		SolutionGuid = {65920D6A-EC12-44E5-AB09-95E631D48A46}
	EndGlobalSection
EndGlobal
