
Microsoft Visual Studio Solution File, Format Version 12.00
# Visual Studio Version 16
VisualStudioVersion = 16.0.29215.179
MinimumVisualStudioVersion = 10.0.40219.1
Project("{FAE04EC0-301F-11D3-BF4B-00C04F79EFBC}") = "Ejercicio.51", "Ejercicio.51.csproj", "{580528DD-8E55-411A-B4E0-808D88AF0AC8}"
EndProject
Global
	GlobalSection(SolutionConfigurationPlatforms) = preSolution
		Debug|Any CPU = Debug|Any CPU
		Release|Any CPU = Release|Any CPU
	EndGlobalSection
	GlobalSection(ProjectConfigurationPlatforms) = postSolution
		{580528DD-8E55-411A-B4E0-808D88AF0AC8}.Debug|Any CPU.ActiveCfg = Debug|Any CPU
		{580528DD-8E55-411A-B4E0-808D88AF0AC8}.Debug|Any CPU.Build.0 = Debug|Any CPU
		{580528DD-8E55-411A-B4E0-808D88AF0AC8}.Release|Any CPU.ActiveCfg = Release|Any CPU
		{580528DD-8E55-411A-B4E0-808D88AF0AC8}.Release|Any CPU.Build.0 = Release|Any CPU
	EndGlobalSection
	GlobalSection(SolutionProperties) = preSolution
		HideSolutionNode = FALSE
	EndGlobalSection
	GlobalSection(ExtensibilityGlobals) = postSolution
		SolutionGuid = {344ABDE4-EB42-4010-8611-F0ECBBF14DD0}
	EndGlobalSection
EndGlobal
