
Microsoft Visual Studio Solution File, Format Version 12.00
# Visual Studio Version 16
VisualStudioVersion = 16.0.29215.179
MinimumVisualStudioVersion = 10.0.40219.1
Project("{FAE04EC0-301F-11D3-BF4B-00C04F79EFBC}") = "Ejercicio.13", "Ejercicio.13.csproj", "{5580A2A7-8AA3-486E-9108-B7A315E7D9FC}"
EndProject
Global
	GlobalSection(SolutionConfigurationPlatforms) = preSolution
		Debug|Any CPU = Debug|Any CPU
		Release|Any CPU = Release|Any CPU
	EndGlobalSection
	GlobalSection(ProjectConfigurationPlatforms) = postSolution
		{5580A2A7-8AA3-486E-9108-B7A315E7D9FC}.Debug|Any CPU.ActiveCfg = Debug|Any CPU
		{5580A2A7-8AA3-486E-9108-B7A315E7D9FC}.Debug|Any CPU.Build.0 = Debug|Any CPU
		{5580A2A7-8AA3-486E-9108-B7A315E7D9FC}.Release|Any CPU.ActiveCfg = Release|Any CPU
		{5580A2A7-8AA3-486E-9108-B7A315E7D9FC}.Release|Any CPU.Build.0 = Release|Any CPU
	EndGlobalSection
	GlobalSection(SolutionProperties) = preSolution
		HideSolutionNode = FALSE
	EndGlobalSection
	GlobalSection(ExtensibilityGlobals) = postSolution
		SolutionGuid = {68D1410E-CB82-45E2-8178-B5B22B7547E2}
	EndGlobalSection
EndGlobal
