
Microsoft Visual Studio Solution File, Format Version 12.00
# Visual Studio Version 16
VisualStudioVersion = 16.0.29215.179
MinimumVisualStudioVersion = 10.0.40219.1
Project("{FAE04EC0-301F-11D3-BF4B-00C04F79EFBC}") = "Ejercicio.45", "Ejercicio.45.csproj", "{36C173A0-AAEA-4145-8286-8C5C5C89EE08}"
EndProject
Global
	GlobalSection(SolutionConfigurationPlatforms) = preSolution
		Debug|Any CPU = Debug|Any CPU
		Release|Any CPU = Release|Any CPU
	EndGlobalSection
	GlobalSection(ProjectConfigurationPlatforms) = postSolution
		{36C173A0-AAEA-4145-8286-8C5C5C89EE08}.Debug|Any CPU.ActiveCfg = Debug|Any CPU
		{36C173A0-AAEA-4145-8286-8C5C5C89EE08}.Debug|Any CPU.Build.0 = Debug|Any CPU
		{36C173A0-AAEA-4145-8286-8C5C5C89EE08}.Release|Any CPU.ActiveCfg = Release|Any CPU
		{36C173A0-AAEA-4145-8286-8C5C5C89EE08}.Release|Any CPU.Build.0 = Release|Any CPU
	EndGlobalSection
	GlobalSection(SolutionProperties) = preSolution
		HideSolutionNode = FALSE
	EndGlobalSection
	GlobalSection(ExtensibilityGlobals) = postSolution
		SolutionGuid = {464803AC-31B1-4965-950C-E48570080190}
	EndGlobalSection
EndGlobal
